
Microsoft Visual Studio Solution File, Format Version 12.00
# Visual Studio Version 17
VisualStudioVersion = 17.0.31903.59
MinimumVisualStudioVersion = 10.0.40219.1
Project("{2150E333-8FDC-42A3-9474-1A3956D46DE8}") = "src", "src", "{827E0CD3-B72D-47B6-A68D-7590B98EB39B}"
EndProject
Project("{FAE04EC0-301F-11D3-BF4B-00C04F79EFBC}") = "Balance.Api", "src\Balance.Api\Balance.Api.csproj", "{4EF0B937-F61F-460D-B221-1AAE320A1CDE}"
EndProject
Project("{FAE04EC0-301F-11D3-BF4B-00C04F79EFBC}") = "Balance.Application", "src\Balance.Application\Balance.Application.csproj", "{DA480B8D-803A-48FF-B27E-19AE9856E96F}"
EndProject
Project("{FAE04EC0-301F-11D3-BF4B-00C04F79EFBC}") = "Balance.Communication", "src\Balance.Communication\Balance.Communication.csproj", "{97D35FFF-D6B0-44D1-A4D7-843E4C63B887}"
EndProject
Project("{FAE04EC0-301F-11D3-BF4B-00C04F79EFBC}") = "Balance.Domain", "src\Balance.Domain\Balance.Domain.csproj", "{BE181EB9-CFB1-4214-8D4E-8E3CDB201A29}"
EndProject
Project("{FAE04EC0-301F-11D3-BF4B-00C04F79EFBC}") = "Balance.Exception", "src\Balance.Exception\Balance.Exception.csproj", "{F664D73C-1035-46BD-9643-0407A8230962}"
EndProject
Project("{FAE04EC0-301F-11D3-BF4B-00C04F79EFBC}") = "Balance.Infrastructure", "src\Balance.Infrastructure\Balance.Infrastructure.csproj", "{A0CFC3C4-4A7E-41B0-86E1-78F6799FDB4B}"
EndProject
Project("{2150E333-8FDC-42A3-9474-1A3956D46DE8}") = "tests", "tests", "{0AB3BF05-4346-4AA6-1389-037BE0695223}"
EndProject
Project("{FAE04EC0-301F-11D3-BF4B-00C04F79EFBC}") = "CommonTestUtilities", "tests\CommonTestUtilities\CommonTestUtilities.csproj", "{B78EDA9A-1996-4A38-A9C2-20B7826E2183}"
EndProject
Project("{FAE04EC0-301F-11D3-BF4B-00C04F79EFBC}") = "UseCases.Test", "tests\UseCases.Test\UseCases.Test.csproj", "{5F0F0135-55F0-44FE-9FAC-568BE95E3001}"
EndProject
Project("{FAE04EC0-301F-11D3-BF4B-00C04F79EFBC}") = "Validators.Tests", "tests\Validators.Tests\Validators.Tests.csproj", "{A9925B15-2AA0-46FE-A0C6-9EEB9C7417AB}"
EndProject
Project("{FAE04EC0-301F-11D3-BF4B-00C04F79EFBC}") = "WebApi.Test", "tests\WebApi.Test\WebApi.Test.csproj", "{33B1D336-000C-4C79-BB87-1ECA9E61B2B0}"
EndProject
Global
	GlobalSection(SolutionConfigurationPlatforms) = preSolution
		Debug|Any CPU = Debug|Any CPU
		Debug|x64 = Debug|x64
		Debug|x86 = Debug|x86
		Release|Any CPU = Release|Any CPU
		Release|x64 = Release|x64
		Release|x86 = Release|x86
	EndGlobalSection
	GlobalSection(ProjectConfigurationPlatforms) = postSolution
		{4EF0B937-F61F-460D-B221-1AAE320A1CDE}.Debug|Any CPU.ActiveCfg = Debug|Any CPU
		{4EF0B937-F61F-460D-B221-1AAE320A1CDE}.Debug|Any CPU.Build.0 = Debug|Any CPU
		{4EF0B937-F61F-460D-B221-1AAE320A1CDE}.Debug|x64.ActiveCfg = Debug|Any CPU
		{4EF0B937-F61F-460D-B221-1AAE320A1CDE}.Debug|x64.Build.0 = Debug|Any CPU
		{4EF0B937-F61F-460D-B221-1AAE320A1CDE}.Debug|x86.ActiveCfg = Debug|Any CPU
		{4EF0B937-F61F-460D-B221-1AAE320A1CDE}.Debug|x86.Build.0 = Debug|Any CPU
		{4EF0B937-F61F-460D-B221-1AAE320A1CDE}.Release|Any CPU.ActiveCfg = Release|Any CPU
		{4EF0B937-F61F-460D-B221-1AAE320A1CDE}.Release|Any CPU.Build.0 = Release|Any CPU
		{4EF0B937-F61F-460D-B221-1AAE320A1CDE}.Release|x64.ActiveCfg = Release|Any CPU
		{4EF0B937-F61F-460D-B221-1AAE320A1CDE}.Release|x64.Build.0 = Release|Any CPU
		{4EF0B937-F61F-460D-B221-1AAE320A1CDE}.Release|x86.ActiveCfg = Release|Any CPU
		{4EF0B937-F61F-460D-B221-1AAE320A1CDE}.Release|x86.Build.0 = Release|Any CPU
		{DA480B8D-803A-48FF-B27E-19AE9856E96F}.Debug|Any CPU.ActiveCfg = Debug|Any CPU
		{DA480B8D-803A-48FF-B27E-19AE9856E96F}.Debug|Any CPU.Build.0 = Debug|Any CPU
		{DA480B8D-803A-48FF-B27E-19AE9856E96F}.Debug|x64.ActiveCfg = Debug|Any CPU
		{DA480B8D-803A-48FF-B27E-19AE9856E96F}.Debug|x64.Build.0 = Debug|Any CPU
		{DA480B8D-803A-48FF-B27E-19AE9856E96F}.Debug|x86.ActiveCfg = Debug|Any CPU
		{DA480B8D-803A-48FF-B27E-19AE9856E96F}.Debug|x86.Build.0 = Debug|Any CPU
		{DA480B8D-803A-48FF-B27E-19AE9856E96F}.Release|Any CPU.ActiveCfg = Release|Any CPU
		{DA480B8D-803A-48FF-B27E-19AE9856E96F}.Release|Any CPU.Build.0 = Release|Any CPU
		{DA480B8D-803A-48FF-B27E-19AE9856E96F}.Release|x64.ActiveCfg = Release|Any CPU
		{DA480B8D-803A-48FF-B27E-19AE9856E96F}.Release|x64.Build.0 = Release|Any CPU
		{DA480B8D-803A-48FF-B27E-19AE9856E96F}.Release|x86.ActiveCfg = Release|Any CPU
		{DA480B8D-803A-48FF-B27E-19AE9856E96F}.Release|x86.Build.0 = Release|Any CPU
		{97D35FFF-D6B0-44D1-A4D7-843E4C63B887}.Debug|Any CPU.ActiveCfg = Debug|Any CPU
		{97D35FFF-D6B0-44D1-A4D7-843E4C63B887}.Debug|Any CPU.Build.0 = Debug|Any CPU
		{97D35FFF-D6B0-44D1-A4D7-843E4C63B887}.Debug|x64.ActiveCfg = Debug|Any CPU
		{97D35FFF-D6B0-44D1-A4D7-843E4C63B887}.Debug|x64.Build.0 = Debug|Any CPU
		{97D35FFF-D6B0-44D1-A4D7-843E4C63B887}.Debug|x86.ActiveCfg = Debug|Any CPU
		{97D35FFF-D6B0-44D1-A4D7-843E4C63B887}.Debug|x86.Build.0 = Debug|Any CPU
		{97D35FFF-D6B0-44D1-A4D7-843E4C63B887}.Release|Any CPU.ActiveCfg = Release|Any CPU
		{97D35FFF-D6B0-44D1-A4D7-843E4C63B887}.Release|Any CPU.Build.0 = Release|Any CPU
		{97D35FFF-D6B0-44D1-A4D7-843E4C63B887}.Release|x64.ActiveCfg = Release|Any CPU
		{97D35FFF-D6B0-44D1-A4D7-843E4C63B887}.Release|x64.Build.0 = Release|Any CPU
		{97D35FFF-D6B0-44D1-A4D7-843E4C63B887}.Release|x86.ActiveCfg = Release|Any CPU
		{97D35FFF-D6B0-44D1-A4D7-843E4C63B887}.Release|x86.Build.0 = Release|Any CPU
		{BE181EB9-CFB1-4214-8D4E-8E3CDB201A29}.Debug|Any CPU.ActiveCfg = Debug|Any CPU
		{BE181EB9-CFB1-4214-8D4E-8E3CDB201A29}.Debug|Any CPU.Build.0 = Debug|Any CPU
		{BE181EB9-CFB1-4214-8D4E-8E3CDB201A29}.Debug|x64.ActiveCfg = Debug|Any CPU
		{BE181EB9-CFB1-4214-8D4E-8E3CDB201A29}.Debug|x64.Build.0 = Debug|Any CPU
		{BE181EB9-CFB1-4214-8D4E-8E3CDB201A29}.Debug|x86.ActiveCfg = Debug|Any CPU
		{BE181EB9-CFB1-4214-8D4E-8E3CDB201A29}.Debug|x86.Build.0 = Debug|Any CPU
		{BE181EB9-CFB1-4214-8D4E-8E3CDB201A29}.Release|Any CPU.ActiveCfg = Release|Any CPU
		{BE181EB9-CFB1-4214-8D4E-8E3CDB201A29}.Release|Any CPU.Build.0 = Release|Any CPU
		{BE181EB9-CFB1-4214-8D4E-8E3CDB201A29}.Release|x64.ActiveCfg = Release|Any CPU
		{BE181EB9-CFB1-4214-8D4E-8E3CDB201A29}.Release|x64.Build.0 = Release|Any CPU
		{BE181EB9-CFB1-4214-8D4E-8E3CDB201A29}.Release|x86.ActiveCfg = Release|Any CPU
		{BE181EB9-CFB1-4214-8D4E-8E3CDB201A29}.Release|x86.Build.0 = Release|Any CPU
		{F664D73C-1035-46BD-9643-0407A8230962}.Debug|Any CPU.ActiveCfg = Debug|Any CPU
		{F664D73C-1035-46BD-9643-0407A8230962}.Debug|Any CPU.Build.0 = Debug|Any CPU
		{F664D73C-1035-46BD-9643-0407A8230962}.Debug|x64.ActiveCfg = Debug|Any CPU
		{F664D73C-1035-46BD-9643-0407A8230962}.Debug|x64.Build.0 = Debug|Any CPU
		{F664D73C-1035-46BD-9643-0407A8230962}.Debug|x86.ActiveCfg = Debug|Any CPU
		{F664D73C-1035-46BD-9643-0407A8230962}.Debug|x86.Build.0 = Debug|Any CPU
		{F664D73C-1035-46BD-9643-0407A8230962}.Release|Any CPU.ActiveCfg = Release|Any CPU
		{F664D73C-1035-46BD-9643-0407A8230962}.Release|Any CPU.Build.0 = Release|Any CPU
		{F664D73C-1035-46BD-9643-0407A8230962}.Release|x64.ActiveCfg = Release|Any CPU
		{F664D73C-1035-46BD-9643-0407A8230962}.Release|x64.Build.0 = Release|Any CPU
		{F664D73C-1035-46BD-9643-0407A8230962}.Release|x86.ActiveCfg = Release|Any CPU
		{F664D73C-1035-46BD-9643-0407A8230962}.Release|x86.Build.0 = Release|Any CPU
		{A0CFC3C4-4A7E-41B0-86E1-78F6799FDB4B}.Debug|Any CPU.ActiveCfg = Debug|Any CPU
		{A0CFC3C4-4A7E-41B0-86E1-78F6799FDB4B}.Debug|Any CPU.Build.0 = Debug|Any CPU
		{A0CFC3C4-4A7E-41B0-86E1-78F6799FDB4B}.Debug|x64.ActiveCfg = Debug|Any CPU
		{A0CFC3C4-4A7E-41B0-86E1-78F6799FDB4B}.Debug|x64.Build.0 = Debug|Any CPU
		{A0CFC3C4-4A7E-41B0-86E1-78F6799FDB4B}.Debug|x86.ActiveCfg = Debug|Any CPU
		{A0CFC3C4-4A7E-41B0-86E1-78F6799FDB4B}.Debug|x86.Build.0 = Debug|Any CPU
		{A0CFC3C4-4A7E-41B0-86E1-78F6799FDB4B}.Release|Any CPU.ActiveCfg = Release|Any CPU
		{A0CFC3C4-4A7E-41B0-86E1-78F6799FDB4B}.Release|Any CPU.Build.0 = Release|Any CPU
		{A0CFC3C4-4A7E-41B0-86E1-78F6799FDB4B}.Release|x64.ActiveCfg = Release|Any CPU
		{A0CFC3C4-4A7E-41B0-86E1-78F6799FDB4B}.Release|x64.Build.0 = Release|Any CPU
		{A0CFC3C4-4A7E-41B0-86E1-78F6799FDB4B}.Release|x86.ActiveCfg = Release|Any CPU
		{A0CFC3C4-4A7E-41B0-86E1-78F6799FDB4B}.Release|x86.Build.0 = Release|Any CPU
		{B78EDA9A-1996-4A38-A9C2-20B7826E2183}.Debug|Any CPU.ActiveCfg = Debug|Any CPU
		{B78EDA9A-1996-4A38-A9C2-20B7826E2183}.Debug|Any CPU.Build.0 = Debug|Any CPU
		{B78EDA9A-1996-4A38-A9C2-20B7826E2183}.Debug|x64.ActiveCfg = Debug|Any CPU
		{B78EDA9A-1996-4A38-A9C2-20B7826E2183}.Debug|x64.Build.0 = Debug|Any CPU
		{B78EDA9A-1996-4A38-A9C2-20B7826E2183}.Debug|x86.ActiveCfg = Debug|Any CPU
		{B78EDA9A-1996-4A38-A9C2-20B7826E2183}.Debug|x86.Build.0 = Debug|Any CPU
		{B78EDA9A-1996-4A38-A9C2-20B7826E2183}.Release|Any CPU.ActiveCfg = Release|Any CPU
		{B78EDA9A-1996-4A38-A9C2-20B7826E2183}.Release|Any CPU.Build.0 = Release|Any CPU
		{B78EDA9A-1996-4A38-A9C2-20B7826E2183}.Release|x64.ActiveCfg = Release|Any CPU
		{B78EDA9A-1996-4A38-A9C2-20B7826E2183}.Release|x64.Build.0 = Release|Any CPU
		{B78EDA9A-1996-4A38-A9C2-20B7826E2183}.Release|x86.ActiveCfg = Release|Any CPU
		{B78EDA9A-1996-4A38-A9C2-20B7826E2183}.Release|x86.Build.0 = Release|Any CPU
		{5F0F0135-55F0-44FE-9FAC-568BE95E3001}.Debug|Any CPU.ActiveCfg = Debug|Any CPU
		{5F0F0135-55F0-44FE-9FAC-568BE95E3001}.Debug|Any CPU.Build.0 = Debug|Any CPU
		{5F0F0135-55F0-44FE-9FAC-568BE95E3001}.Debug|x64.ActiveCfg = Debug|Any CPU
		{5F0F0135-55F0-44FE-9FAC-568BE95E3001}.Debug|x64.Build.0 = Debug|Any CPU
		{5F0F0135-55F0-44FE-9FAC-568BE95E3001}.Debug|x86.ActiveCfg = Debug|Any CPU
		{5F0F0135-55F0-44FE-9FAC-568BE95E3001}.Debug|x86.Build.0 = Debug|Any CPU
		{5F0F0135-55F0-44FE-9FAC-568BE95E3001}.Release|Any CPU.ActiveCfg = Release|Any CPU
		{5F0F0135-55F0-44FE-9FAC-568BE95E3001}.Release|Any CPU.Build.0 = Release|Any CPU
		{5F0F0135-55F0-44FE-9FAC-568BE95E3001}.Release|x64.ActiveCfg = Release|Any CPU
		{5F0F0135-55F0-44FE-9FAC-568BE95E3001}.Release|x64.Build.0 = Release|Any CPU
		{5F0F0135-55F0-44FE-9FAC-568BE95E3001}.Release|x86.ActiveCfg = Release|Any CPU
		{5F0F0135-55F0-44FE-9FAC-568BE95E3001}.Release|x86.Build.0 = Release|Any CPU
		{A9925B15-2AA0-46FE-A0C6-9EEB9C7417AB}.Debug|Any CPU.ActiveCfg = Debug|Any CPU
		{A9925B15-2AA0-46FE-A0C6-9EEB9C7417AB}.Debug|Any CPU.Build.0 = Debug|Any CPU
		{A9925B15-2AA0-46FE-A0C6-9EEB9C7417AB}.Debug|x64.ActiveCfg = Debug|Any CPU
		{A9925B15-2AA0-46FE-A0C6-9EEB9C7417AB}.Debug|x64.Build.0 = Debug|Any CPU
		{A9925B15-2AA0-46FE-A0C6-9EEB9C7417AB}.Debug|x86.ActiveCfg = Debug|Any CPU
		{A9925B15-2AA0-46FE-A0C6-9EEB9C7417AB}.Debug|x86.Build.0 = Debug|Any CPU
		{A9925B15-2AA0-46FE-A0C6-9EEB9C7417AB}.Release|Any CPU.ActiveCfg = Release|Any CPU
		{A9925B15-2AA0-46FE-A0C6-9EEB9C7417AB}.Release|Any CPU.Build.0 = Release|Any CPU
		{A9925B15-2AA0-46FE-A0C6-9EEB9C7417AB}.Release|x64.ActiveCfg = Release|Any CPU
		{A9925B15-2AA0-46FE-A0C6-9EEB9C7417AB}.Release|x64.Build.0 = Release|Any CPU
		{A9925B15-2AA0-46FE-A0C6-9EEB9C7417AB}.Release|x86.ActiveCfg = Release|Any CPU
		{A9925B15-2AA0-46FE-A0C6-9EEB9C7417AB}.Release|x86.Build.0 = Release|Any CPU
		{33B1D336-000C-4C79-BB87-1ECA9E61B2B0}.Debug|Any CPU.ActiveCfg = Debug|Any CPU
		{33B1D336-000C-4C79-BB87-1ECA9E61B2B0}.Debug|Any CPU.Build.0 = Debug|Any CPU
		{33B1D336-000C-4C79-BB87-1ECA9E61B2B0}.Debug|x64.ActiveCfg = Debug|Any CPU
		{33B1D336-000C-4C79-BB87-1ECA9E61B2B0}.Debug|x64.Build.0 = Debug|Any CPU
		{33B1D336-000C-4C79-BB87-1ECA9E61B2B0}.Debug|x86.ActiveCfg = Debug|Any CPU
		{33B1D336-000C-4C79-BB87-1ECA9E61B2B0}.Debug|x86.Build.0 = Debug|Any CPU
		{33B1D336-000C-4C79-BB87-1ECA9E61B2B0}.Release|Any CPU.ActiveCfg = Release|Any CPU
		{33B1D336-000C-4C79-BB87-1ECA9E61B2B0}.Release|Any CPU.Build.0 = Release|Any CPU
		{33B1D336-000C-4C79-BB87-1ECA9E61B2B0}.Release|x64.ActiveCfg = Release|Any CPU
		{33B1D336-000C-4C79-BB87-1ECA9E61B2B0}.Release|x64.Build.0 = Release|Any CPU
		{33B1D336-000C-4C79-BB87-1ECA9E61B2B0}.Release|x86.ActiveCfg = Release|Any CPU
		{33B1D336-000C-4C79-BB87-1ECA9E61B2B0}.Release|x86.Build.0 = Release|Any CPU
	EndGlobalSection
	GlobalSection(SolutionProperties) = preSolution
		HideSolutionNode = FALSE
	EndGlobalSection
	GlobalSection(NestedProjects) = preSolution
		{4EF0B937-F61F-460D-B221-1AAE320A1CDE} = {827E0CD3-B72D-47B6-A68D-7590B98EB39B}
		{DA480B8D-803A-48FF-B27E-19AE9856E96F} = {827E0CD3-B72D-47B6-A68D-7590B98EB39B}
		{97D35FFF-D6B0-44D1-A4D7-843E4C63B887} = {827E0CD3-B72D-47B6-A68D-7590B98EB39B}
		{BE181EB9-CFB1-4214-8D4E-8E3CDB201A29} = {827E0CD3-B72D-47B6-A68D-7590B98EB39B}
		{F664D73C-1035-46BD-9643-0407A8230962} = {827E0CD3-B72D-47B6-A68D-7590B98EB39B}
		{A0CFC3C4-4A7E-41B0-86E1-78F6799FDB4B} = {827E0CD3-B72D-47B6-A68D-7590B98EB39B}
		{B78EDA9A-1996-4A38-A9C2-20B7826E2183} = {0AB3BF05-4346-4AA6-1389-037BE0695223}
		{5F0F0135-55F0-44FE-9FAC-568BE95E3001} = {0AB3BF05-4346-4AA6-1389-037BE0695223}
		{A9925B15-2AA0-46FE-A0C6-9EEB9C7417AB} = {0AB3BF05-4346-4AA6-1389-037BE0695223}
		{33B1D336-000C-4C79-BB87-1ECA9E61B2B0} = {0AB3BF05-4346-4AA6-1389-037BE0695223}
	EndGlobalSection
EndGlobal
